
Microsoft Visual Studio Solution File, Format Version 12.00
Project("{FAE04EC0-301F-11D3-BF4B-00C04F79EFBC}") = "Day1", "Day1\Day1.csproj", "{66B767C3-F9E7-471C-A49C-6490B4D5A39B}"
EndProject
Project("{FAE04EC0-301F-11D3-BF4B-00C04F79EFBC}") = "Day2", "Day2\Day2.csproj", "{84B6FD33-27C3-41AA-88CC-B3361F9DED35}"
EndProject
Project("{2150E333-8FDC-42A3-9474-1A3956D46DE8}") = "Infrastructure", "Infrastructure", "{129E18F3-034D-40E9-9CD4-6445F9785FC0}"
EndProject
Project("{FAE04EC0-301F-11D3-BF4B-00C04F79EFBC}") = "WordProcessing.Domain", "Infrastructure\WordProcessing.Domain\WordProcessing.Domain.csproj", "{F061D845-B662-489A-BBE9-F74589644839}"
EndProject
Project("{2150E333-8FDC-42A3-9474-1A3956D46DE8}") = "Tests", "Tests", "{503B36E1-E988-4971-89A4-34919B9386DD}"
EndProject
Project("{FAE04EC0-301F-11D3-BF4B-00C04F79EFBC}") = "WordProcessing.Domain.Tests", "Infrastructure\Tests\WordProcessing.Domain.Tests\WordProcessing.Domain.Tests.csproj", "{7079B590-2275-41C7-8774-0CD3DEE5CB62}"
EndProject
Project("{FAE04EC0-301F-11D3-BF4B-00C04F79EFBC}") = "WordProcessing.IO", "Infrastructure\WordProcessing.IO\WordProcessing.IO.csproj", "{276EA249-BC71-485B-8C6F-66777B53168A}"
EndProject
Project("{FAE04EC0-301F-11D3-BF4B-00C04F79EFBC}") = "WordProcessing.App", "Infrastructure\WordProcessing.App\WordProcessing.App.csproj", "{85476CC0-5CB0-4E7B-B492-456506071C9D}"
EndProject
Project("{FAE04EC0-301F-11D3-BF4B-00C04F79EFBC}") = "Tests", "Tests\Tests.csproj", "{A9D095D9-A3F7-4452-9DE9-4AFDB59EC32A}"
EndProject
Project("{FAE04EC0-301F-11D3-BF4B-00C04F79EFBC}") = "Day3", "Day3\Day3.csproj", "{C8436B67-1FC8-4432-B1A3-095F93DE9250}"
EndProject
Project("{FAE04EC0-301F-11D3-BF4B-00C04F79EFBC}") = "Day4", "Day4\Day4.csproj", "{92A396A2-2CBA-4353-B61C-57C75F56BA6E}"
EndProject
Project("{FAE04EC0-301F-11D3-BF4B-00C04F79EFBC}") = "Day5", "Day5\Day5.csproj", "{009F3D90-9241-46BF-A214-D2C025159E9F}"
EndProject
Project("{FAE04EC0-301F-11D3-BF4B-00C04F79EFBC}") = "Day6", "Day6\Day6.csproj", "{8DF200AE-3D1D-440D-A388-9680E677C78B}"
EndProject
Project("{FAE04EC0-301F-11D3-BF4B-00C04F79EFBC}") = "Day7", "Day7\Day7.csproj", "{9794A652-9387-4409-A5E3-C7BD1D2E3109}"
EndProject
Global
	GlobalSection(SolutionConfigurationPlatforms) = preSolution
		Debug|Any CPU = Debug|Any CPU
		Release|Any CPU = Release|Any CPU
	EndGlobalSection
	GlobalSection(ProjectConfigurationPlatforms) = postSolution
		{66B767C3-F9E7-471C-A49C-6490B4D5A39B}.Debug|Any CPU.ActiveCfg = Debug|Any CPU
		{66B767C3-F9E7-471C-A49C-6490B4D5A39B}.Debug|Any CPU.Build.0 = Debug|Any CPU
		{66B767C3-F9E7-471C-A49C-6490B4D5A39B}.Release|Any CPU.ActiveCfg = Release|Any CPU
		{66B767C3-F9E7-471C-A49C-6490B4D5A39B}.Release|Any CPU.Build.0 = Release|Any CPU
		{84B6FD33-27C3-41AA-88CC-B3361F9DED35}.Debug|Any CPU.ActiveCfg = Debug|Any CPU
		{84B6FD33-27C3-41AA-88CC-B3361F9DED35}.Debug|Any CPU.Build.0 = Debug|Any CPU
		{84B6FD33-27C3-41AA-88CC-B3361F9DED35}.Release|Any CPU.ActiveCfg = Release|Any CPU
		{84B6FD33-27C3-41AA-88CC-B3361F9DED35}.Release|Any CPU.Build.0 = Release|Any CPU
		{F061D845-B662-489A-BBE9-F74589644839}.Debug|Any CPU.ActiveCfg = Debug|Any CPU
		{F061D845-B662-489A-BBE9-F74589644839}.Debug|Any CPU.Build.0 = Debug|Any CPU
		{F061D845-B662-489A-BBE9-F74589644839}.Release|Any CPU.ActiveCfg = Release|Any CPU
		{F061D845-B662-489A-BBE9-F74589644839}.Release|Any CPU.Build.0 = Release|Any CPU
		{7079B590-2275-41C7-8774-0CD3DEE5CB62}.Debug|Any CPU.ActiveCfg = Debug|Any CPU
		{7079B590-2275-41C7-8774-0CD3DEE5CB62}.Debug|Any CPU.Build.0 = Debug|Any CPU
		{7079B590-2275-41C7-8774-0CD3DEE5CB62}.Release|Any CPU.ActiveCfg = Release|Any CPU
		{7079B590-2275-41C7-8774-0CD3DEE5CB62}.Release|Any CPU.Build.0 = Release|Any CPU
		{276EA249-BC71-485B-8C6F-66777B53168A}.Debug|Any CPU.ActiveCfg = Debug|Any CPU
		{276EA249-BC71-485B-8C6F-66777B53168A}.Debug|Any CPU.Build.0 = Debug|Any CPU
		{276EA249-BC71-485B-8C6F-66777B53168A}.Release|Any CPU.ActiveCfg = Release|Any CPU
		{276EA249-BC71-485B-8C6F-66777B53168A}.Release|Any CPU.Build.0 = Release|Any CPU
		{85476CC0-5CB0-4E7B-B492-456506071C9D}.Debug|Any CPU.ActiveCfg = Debug|Any CPU
		{85476CC0-5CB0-4E7B-B492-456506071C9D}.Debug|Any CPU.Build.0 = Debug|Any CPU
		{85476CC0-5CB0-4E7B-B492-456506071C9D}.Release|Any CPU.ActiveCfg = Release|Any CPU
		{85476CC0-5CB0-4E7B-B492-456506071C9D}.Release|Any CPU.Build.0 = Release|Any CPU
		{A9D095D9-A3F7-4452-9DE9-4AFDB59EC32A}.Debug|Any CPU.ActiveCfg = Debug|Any CPU
		{A9D095D9-A3F7-4452-9DE9-4AFDB59EC32A}.Debug|Any CPU.Build.0 = Debug|Any CPU
		{A9D095D9-A3F7-4452-9DE9-4AFDB59EC32A}.Release|Any CPU.ActiveCfg = Release|Any CPU
		{A9D095D9-A3F7-4452-9DE9-4AFDB59EC32A}.Release|Any CPU.Build.0 = Release|Any CPU
		{C8436B67-1FC8-4432-B1A3-095F93DE9250}.Debug|Any CPU.ActiveCfg = Debug|Any CPU
		{C8436B67-1FC8-4432-B1A3-095F93DE9250}.Debug|Any CPU.Build.0 = Debug|Any CPU
		{C8436B67-1FC8-4432-B1A3-095F93DE9250}.Release|Any CPU.ActiveCfg = Release|Any CPU
		{C8436B67-1FC8-4432-B1A3-095F93DE9250}.Release|Any CPU.Build.0 = Release|Any CPU
		{92A396A2-2CBA-4353-B61C-57C75F56BA6E}.Debug|Any CPU.ActiveCfg = Debug|Any CPU
		{92A396A2-2CBA-4353-B61C-57C75F56BA6E}.Debug|Any CPU.Build.0 = Debug|Any CPU
		{92A396A2-2CBA-4353-B61C-57C75F56BA6E}.Release|Any CPU.ActiveCfg = Release|Any CPU
		{92A396A2-2CBA-4353-B61C-57C75F56BA6E}.Release|Any CPU.Build.0 = Release|Any CPU
		{009F3D90-9241-46BF-A214-D2C025159E9F}.Debug|Any CPU.ActiveCfg = Debug|Any CPU
		{009F3D90-9241-46BF-A214-D2C025159E9F}.Debug|Any CPU.Build.0 = Debug|Any CPU
		{009F3D90-9241-46BF-A214-D2C025159E9F}.Release|Any CPU.ActiveCfg = Release|Any CPU
		{009F3D90-9241-46BF-A214-D2C025159E9F}.Release|Any CPU.Build.0 = Release|Any CPU
		{8DF200AE-3D1D-440D-A388-9680E677C78B}.Debug|Any CPU.ActiveCfg = Debug|Any CPU
		{8DF200AE-3D1D-440D-A388-9680E677C78B}.Debug|Any CPU.Build.0 = Debug|Any CPU
		{8DF200AE-3D1D-440D-A388-9680E677C78B}.Release|Any CPU.ActiveCfg = Release|Any CPU
		{8DF200AE-3D1D-440D-A388-9680E677C78B}.Release|Any CPU.Build.0 = Release|Any CPU
		{9794A652-9387-4409-A5E3-C7BD1D2E3109}.Debug|Any CPU.ActiveCfg = Debug|Any CPU
		{9794A652-9387-4409-A5E3-C7BD1D2E3109}.Debug|Any CPU.Build.0 = Debug|Any CPU
		{9794A652-9387-4409-A5E3-C7BD1D2E3109}.Release|Any CPU.ActiveCfg = Release|Any CPU
		{9794A652-9387-4409-A5E3-C7BD1D2E3109}.Release|Any CPU.Build.0 = Release|Any CPU
	EndGlobalSection
	GlobalSection(NestedProjects) = preSolution
		{F061D845-B662-489A-BBE9-F74589644839} = {129E18F3-034D-40E9-9CD4-6445F9785FC0}
		{503B36E1-E988-4971-89A4-34919B9386DD} = {129E18F3-034D-40E9-9CD4-6445F9785FC0}
		{7079B590-2275-41C7-8774-0CD3DEE5CB62} = {503B36E1-E988-4971-89A4-34919B9386DD}
		{276EA249-BC71-485B-8C6F-66777B53168A} = {129E18F3-034D-40E9-9CD4-6445F9785FC0}
		{85476CC0-5CB0-4E7B-B492-456506071C9D} = {129E18F3-034D-40E9-9CD4-6445F9785FC0}
	EndGlobalSection
EndGlobal
